// !$*UTF8*$!
{
	archiveVersion = 1;
	classes = {
	};
	objectVersion = 56;
	objects = {

/* Begin PBXBuildFile section */
		D083874C29D80E3B0098C5C1 /* MemoData+CoreDataClass.swift in Sources */ = {isa = PBXBuildFile; fileRef = D083874A29D80E3B0098C5C1 /* MemoData+CoreDataClass.swift */; };
		D083874D29D80E3B0098C5C1 /* MemoData+CoreDataProperties.swift in Sources */ = {isa = PBXBuildFile; fileRef = D083874B29D80E3B0098C5C1 /* MemoData+CoreDataProperties.swift */; };
		D083875129D814AF0098C5C1 /* CoreDataManager.swift in Sources */ = {isa = PBXBuildFile; fileRef = D083875029D814AF0098C5C1 /* CoreDataManager.swift */; };
		D083875729D816AB0098C5C1 /* MemoTableViewCell.swift in Sources */ = {isa = PBXBuildFile; fileRef = D083875529D816AB0098C5C1 /* MemoTableViewCell.swift */; };
		D083875829D816AB0098C5C1 /* MemoTableViewCell.xib in Resources */ = {isa = PBXBuildFile; fileRef = D083875629D816AB0098C5C1 /* MemoTableViewCell.xib */; };
		D0E59D7129D5D3E000A5B7D9 /* AppDelegate.swift in Sources */ = {isa = PBXBuildFile; fileRef = D0E59D7029D5D3E000A5B7D9 /* AppDelegate.swift */; };
		D0E59D7329D5D3E000A5B7D9 /* SceneDelegate.swift in Sources */ = {isa = PBXBuildFile; fileRef = D0E59D7229D5D3E000A5B7D9 /* SceneDelegate.swift */; };
		D0E59D7529D5D3E000A5B7D9 /* MemoListViewController.swift in Sources */ = {isa = PBXBuildFile; fileRef = D0E59D7429D5D3E000A5B7D9 /* MemoListViewController.swift */; };
		D0E59D7829D5D3E000A5B7D9 /* Main.storyboard in Resources */ = {isa = PBXBuildFile; fileRef = D0E59D7629D5D3E000A5B7D9 /* Main.storyboard */; };
		D0E59D7B29D5D3E000A5B7D9 /* CoreDataPractice.xcdatamodeld in Sources */ = {isa = PBXBuildFile; fileRef = D0E59D7929D5D3E000A5B7D9 /* CoreDataPractice.xcdatamodeld */; };
		D0E59D7D29D5D3E100A5B7D9 /* Assets.xcassets in Resources */ = {isa = PBXBuildFile; fileRef = D0E59D7C29D5D3E100A5B7D9 /* Assets.xcassets */; };
		D0E59D8029D5D3E100A5B7D9 /* LaunchScreen.storyboard in Resources */ = {isa = PBXBuildFile; fileRef = D0E59D7E29D5D3E100A5B7D9 /* LaunchScreen.storyboard */; };
/* End PBXBuildFile section */

/* Begin PBXFileReference section */
		D083874A29D80E3B0098C5C1 /* MemoData+CoreDataClass.swift */ = {isa = PBXFileReference; lastKnownFileType = sourcecode.swift; path = "MemoData+CoreDataClass.swift"; sourceTree = "<group>"; };
		D083874B29D80E3B0098C5C1 /* MemoData+CoreDataProperties.swift */ = {isa = PBXFileReference; lastKnownFileType = sourcecode.swift; path = "MemoData+CoreDataProperties.swift"; sourceTree = "<group>"; };
		D083875029D814AF0098C5C1 /* CoreDataManager.swift */ = {isa = PBXFileReference; lastKnownFileType = sourcecode.swift; path = CoreDataManager.swift; sourceTree = "<group>"; };
		D083875529D816AB0098C5C1 /* MemoTableViewCell.swift */ = {isa = PBXFileReference; lastKnownFileType = sourcecode.swift; path = MemoTableViewCell.swift; sourceTree = "<group>"; };
		D083875629D816AB0098C5C1 /* MemoTableViewCell.xib */ = {isa = PBXFileReference; lastKnownFileType = file.xib; path = MemoTableViewCell.xib; sourceTree = "<group>"; };
		D0E59D6D29D5D3E000A5B7D9 /* CoreDataPractice.app */ = {isa = PBXFileReference; explicitFileType = wrapper.application; includeInIndex = 0; path = CoreDataPractice.app; sourceTree = BUILT_PRODUCTS_DIR; };
		D0E59D7029D5D3E000A5B7D9 /* AppDelegate.swift */ = {isa = PBXFileReference; lastKnownFileType = sourcecode.swift; path = AppDelegate.swift; sourceTree = "<group>"; };
		D0E59D7229D5D3E000A5B7D9 /* SceneDelegate.swift */ = {isa = PBXFileReference; lastKnownFileType = sourcecode.swift; path = SceneDelegate.swift; sourceTree = "<group>"; };
		D0E59D7429D5D3E000A5B7D9 /* MemoListViewController.swift */ = {isa = PBXFileReference; lastKnownFileType = sourcecode.swift; path = MemoListViewController.swift; sourceTree = "<group>"; };
		D0E59D7729D5D3E000A5B7D9 /* Base */ = {isa = PBXFileReference; lastKnownFileType = file.storyboard; name = Base; path = Base.lproj/Main.storyboard; sourceTree = "<group>"; };
		D0E59D7A29D5D3E000A5B7D9 /* CoreDataPractice.xcdatamodel */ = {isa = PBXFileReference; lastKnownFileType = wrapper.xcdatamodel; path = CoreDataPractice.xcdatamodel; sourceTree = "<group>"; };
		D0E59D7C29D5D3E100A5B7D9 /* Assets.xcassets */ = {isa = PBXFileReference; lastKnownFileType = folder.assetcatalog; path = Assets.xcassets; sourceTree = "<group>"; };
		D0E59D7F29D5D3E100A5B7D9 /* Base */ = {isa = PBXFileReference; lastKnownFileType = file.storyboard; name = Base; path = Base.lproj/LaunchScreen.storyboard; sourceTree = "<group>"; };
		D0E59D8129D5D3E100A5B7D9 /* Info.plist */ = {isa = PBXFileReference; lastKnownFileType = text.plist.xml; path = Info.plist; sourceTree = "<group>"; };
/* End PBXFileReference section */

/* Begin PBXFrameworksBuildPhase section */
		D0E59D6A29D5D3E000A5B7D9 /* Frameworks */ = {
			isa = PBXFrameworksBuildPhase;
			buildActionMask = 2147483647;
			files = (
			);
			runOnlyForDeploymentPostprocessing = 0;
		};
/* End PBXFrameworksBuildPhase section */

/* Begin PBXGroup section */
		D083874E29D813AB0098C5C1 /* Model */ = {
			isa = PBXGroup;
			children = (
				D083874A29D80E3B0098C5C1 /* MemoData+CoreDataClass.swift */,
				D083874B29D80E3B0098C5C1 /* MemoData+CoreDataProperties.swift */,
				D083875029D814AF0098C5C1 /* CoreDataManager.swift */,
			);
			path = Model;
			sourceTree = "<group>";
		};
		D083874F29D813B40098C5C1 /* Scene */ = {
			isa = PBXGroup;
			children = (
				D083875229D8166A0098C5C1 /* MemoListView */,
				D083875429D816870098C5C1 /* DetailView */,
			);
			path = Scene;
			sourceTree = "<group>";
		};
		D083875229D8166A0098C5C1 /* MemoListView */ = {
			isa = PBXGroup;
			children = (
				D0E59D7429D5D3E000A5B7D9 /* MemoListViewController.swift */,
				D083875929D816B00098C5C1 /* Cell */,
			);
			path = MemoListView;
			sourceTree = "<group>";
		};
		D083875429D816870098C5C1 /* DetailView */ = {
			isa = PBXGroup;
			children = (
			);
			path = DetailView;
			sourceTree = "<group>";
		};
		D083875929D816B00098C5C1 /* Cell */ = {
			isa = PBXGroup;
			children = (
				D083875529D816AB0098C5C1 /* MemoTableViewCell.swift */,
				D083875629D816AB0098C5C1 /* MemoTableViewCell.xib */,
			);
			path = Cell;
			sourceTree = "<group>";
		};
		D0E59D6429D5D3E000A5B7D9 = {
			isa = PBXGroup;
			children = (
				D0E59D6F29D5D3E000A5B7D9 /* CoreDataPractice */,
				D0E59D6E29D5D3E000A5B7D9 /* Products */,
			);
			sourceTree = "<group>";
		};
		D0E59D6E29D5D3E000A5B7D9 /* Products */ = {
			isa = PBXGroup;
			children = (
				D0E59D6D29D5D3E000A5B7D9 /* CoreDataPractice.app */,
			);
			name = Products;
			sourceTree = "<group>";
		};
		D0E59D6F29D5D3E000A5B7D9 /* CoreDataPractice */ = {
			isa = PBXGroup;
			children = (
				D0E59D8729D5D40E00A5B7D9 /* App */,
				D083874E29D813AB0098C5C1 /* Model */,
				D083874F29D813B40098C5C1 /* Scene */,
				D0E59D7629D5D3E000A5B7D9 /* Main.storyboard */,
				D0E59D7C29D5D3E100A5B7D9 /* Assets.xcassets */,
				D0E59D7E29D5D3E100A5B7D9 /* LaunchScreen.storyboard */,
				D0E59D8129D5D3E100A5B7D9 /* Info.plist */,
				D0E59D7929D5D3E000A5B7D9 /* CoreDataPractice.xcdatamodeld */,
			);
			path = CoreDataPractice;
			sourceTree = "<group>";
		};
		D0E59D8729D5D40E00A5B7D9 /* App */ = {
			isa = PBXGroup;
			children = (
				D0E59D7029D5D3E000A5B7D9 /* AppDelegate.swift */,
				D0E59D7229D5D3E000A5B7D9 /* SceneDelegate.swift */,
			);
			path = App;
			sourceTree = "<group>";
		};
/* End PBXGroup section */

/* Begin PBXNativeTarget section */
		D0E59D6C29D5D3E000A5B7D9 /* CoreDataPractice */ = {
			isa = PBXNativeTarget;
			buildConfigurationList = D0E59D8429D5D3E100A5B7D9 /* Build configuration list for PBXNativeTarget "CoreDataPractice" */;
			buildPhases = (
				D0E59D6929D5D3E000A5B7D9 /* Sources */,
				D0E59D6A29D5D3E000A5B7D9 /* Frameworks */,
				D0E59D6B29D5D3E000A5B7D9 /* Resources */,
			);
			buildRules = (
			);
			dependencies = (
			);
			name = CoreDataPractice;
			productName = CoreDataPractice;
			productReference = D0E59D6D29D5D3E000A5B7D9 /* CoreDataPractice.app */;
			productType = "com.apple.product-type.application";
		};
/* End PBXNativeTarget section */

/* Begin PBXProject section */
		D0E59D6529D5D3E000A5B7D9 /* Project object */ = {
			isa = PBXProject;
			attributes = {
				BuildIndependentTargetsInParallel = 1;
				LastSwiftUpdateCheck = 1420;
				LastUpgradeCheck = 1420;
				TargetAttributes = {
					D0E59D6C29D5D3E000A5B7D9 = {
						CreatedOnToolsVersion = 14.2;
					};
				};
			};
			buildConfigurationList = D0E59D6829D5D3E000A5B7D9 /* Build configuration list for PBXProject "CoreDataPractice" */;
			compatibilityVersion = "Xcode 14.0";
			developmentRegion = en;
			hasScannedForEncodings = 0;
			knownRegions = (
				en,
				Base,
			);
			mainGroup = D0E59D6429D5D3E000A5B7D9;
			productRefGroup = D0E59D6E29D5D3E000A5B7D9 /* Products */;
			projectDirPath = "";
			projectRoot = "";
			targets = (
				D0E59D6C29D5D3E000A5B7D9 /* CoreDataPractice */,
			);
		};
/* End PBXProject section */

/* Begin PBXResourcesBuildPhase section */
		D0E59D6B29D5D3E000A5B7D9 /* Resources */ = {
			isa = PBXResourcesBuildPhase;
			buildActionMask = 2147483647;
			files = (
				D0E59D8029D5D3E100A5B7D9 /* LaunchScreen.storyboard in Resources */,
				D0E59D7D29D5D3E100A5B7D9 /* Assets.xcassets in Resources */,
				D0E59D7829D5D3E000A5B7D9 /* Main.storyboard in Resources */,
				D083875829D816AB0098C5C1 /* MemoTableViewCell.xib in Resources */,
			);
			runOnlyForDeploymentPostprocessing = 0;
		};
/* End PBXResourcesBuildPhase section */

/* Begin PBXSourcesBuildPhase section */
		D0E59D6929D5D3E000A5B7D9 /* Sources */ = {
			isa = PBXSourcesBuildPhase;
			buildActionMask = 2147483647;
			files = (
				D0E59D7529D5D3E000A5B7D9 /* MemoListViewController.swift in Sources */,
				D0E59D7129D5D3E000A5B7D9 /* AppDelegate.swift in Sources */,
				D0E59D7329D5D3E000A5B7D9 /* SceneDelegate.swift in Sources */,
				D083875729D816AB0098C5C1 /* MemoTableViewCell.swift in Sources */,
				D083874C29D80E3B0098C5C1 /* MemoData+CoreDataClass.swift in Sources */,
				D083874D29D80E3B0098C5C1 /* MemoData+CoreDataProperties.swift in Sources */,
				D083875129D814AF0098C5C1 /* CoreDataManager.swift in Sources */,
				D0E59D7B29D5D3E000A5B7D9 /* CoreDataPractice.xcdatamodeld in Sources */,
			);
			runOnlyForDeploymentPostprocessing = 0;
		};
/* End PBXSourcesBuildPhase section */

/* Begin PBXVariantGroup section */
		D0E59D7629D5D3E000A5B7D9 /* Main.storyboard */ = {
			isa = PBXVariantGroup;
			children = (
				D0E59D7729D5D3E000A5B7D9 /* Base */,
			);
			name = Main.storyboard;
			sourceTree = "<group>";
		};
		D0E59D7E29D5D3E100A5B7D9 /* LaunchScreen.storyboard */ = {
			isa = PBXVariantGroup;
			children = (
				D0E59D7F29D5D3E100A5B7D9 /* Base */,
			);
			name = LaunchScreen.storyboard;
			sourceTree = "<group>";
		};
/* End PBXVariantGroup section */

/* Begin XCBuildConfiguration section */
		D0E59D8229D5D3E100A5B7D9 /* Debug */ = {
			isa = XCBuildConfiguration;
			buildSettings = {
				ALWAYS_SEARCH_USER_PATHS = NO;
				CLANG_ANALYZER_NONNULL = YES;
				CLANG_ANALYZER_NUMBER_OBJECT_CONVERSION = YES_AGGRESSIVE;
				CLANG_CXX_LANGUAGE_STANDARD = "gnu++20";
				CLANG_ENABLE_MODULES = YES;
				CLANG_ENABLE_OBJC_ARC = YES;
				CLANG_ENABLE_OBJC_WEAK = YES;
				CLANG_WARN_BLOCK_CAPTURE_AUTORELEASING = YES;
				CLANG_WARN_BOOL_CONVERSION = YES;
				CLANG_WARN_COMMA = YES;
				CLANG_WARN_CONSTANT_CONVERSION = YES;
				CLANG_WARN_DEPRECATED_OBJC_IMPLEMENTATIONS = YES;
				CLANG_WARN_DIRECT_OBJC_ISA_USAGE = YES_ERROR;
				CLANG_WARN_DOCUMENTATION_COMMENTS = YES;
				CLANG_WARN_EMPTY_BODY = YES;
				CLANG_WARN_ENUM_CONVERSION = YES;
				CLANG_WARN_INFINITE_RECURSION = YES;
				CLANG_WARN_INT_CONVERSION = YES;
				CLANG_WARN_NON_LITERAL_NULL_CONVERSION = YES;
				CLANG_WARN_OBJC_IMPLICIT_RETAIN_SELF = YES;
				CLANG_WARN_OBJC_LITERAL_CONVERSION = YES;
				CLANG_WARN_OBJC_ROOT_CLASS = YES_ERROR;
				CLANG_WARN_QUOTED_INCLUDE_IN_FRAMEWORK_HEADER = YES;
				CLANG_WARN_RANGE_LOOP_ANALYSIS = YES;
				CLANG_WARN_STRICT_PROTOTYPES = YES;
				CLANG_WARN_SUSPICIOUS_MOVE = YES;
				CLANG_WARN_UNGUARDED_AVAILABILITY = YES_AGGRESSIVE;
				CLANG_WARN_UNREACHABLE_CODE = YES;
				CLANG_WARN__DUPLICATE_METHOD_MATCH = YES;
				COPY_PHASE_STRIP = NO;
				DEBUG_INFORMATION_FORMAT = dwarf;
				ENABLE_STRICT_OBJC_MSGSEND = YES;
				ENABLE_TESTABILITY = YES;
				GCC_C_LANGUAGE_STANDARD = gnu11;
				GCC_DYNAMIC_NO_PIC = NO;
				GCC_NO_COMMON_BLOCKS = YES;
				GCC_OPTIMIZATION_LEVEL = 0;
				GCC_PREPROCESSOR_DEFINITIONS = (
					"DEBUG=1",
					"$(inherited)",
				);
				GCC_WARN_64_TO_32_BIT_CONVERSION = YES;
				GCC_WARN_ABOUT_RETURN_TYPE = YES_ERROR;
				GCC_WARN_UNDECLARED_SELECTOR = YES;
				GCC_WARN_UNINITIALIZED_AUTOS = YES_AGGRESSIVE;
				GCC_WARN_UNUSED_FUNCTION = YES;
				GCC_WARN_UNUSED_VARIABLE = YES;
				IPHONEOS_DEPLOYMENT_TARGET = 16.2;
				MTL_ENABLE_DEBUG_INFO = INCLUDE_SOURCE;
				MTL_FAST_MATH = YES;
				ONLY_ACTIVE_ARCH = YES;
				SDKROOT = iphoneos;
				SWIFT_ACTIVE_COMPILATION_CONDITIONS = DEBUG;
				SWIFT_OPTIMIZATION_LEVEL = "-Onone";
			};
			name = Debug;
		};
		D0E59D8329D5D3E100A5B7D9 /* Release */ = {
			isa = XCBuildConfiguration;
			buildSettings = {
				ALWAYS_SEARCH_USER_PATHS = NO;
				CLANG_ANALYZER_NONNULL = YES;
				CLANG_ANALYZER_NUMBER_OBJECT_CONVERSION = YES_AGGRESSIVE;
				CLANG_CXX_LANGUAGE_STANDARD = "gnu++20";
				CLANG_ENABLE_MODULES = YES;
				CLANG_ENABLE_OBJC_ARC = YES;
				CLANG_ENABLE_OBJC_WEAK = YES;
				CLANG_WARN_BLOCK_CAPTURE_AUTORELEASING = YES;
				CLANG_WARN_BOOL_CONVERSION = YES;
				CLANG_WARN_COMMA = YES;
				CLANG_WARN_CONSTANT_CONVERSION = YES;
				CLANG_WARN_DEPRECATED_OBJC_IMPLEMENTATIONS = YES;
				CLANG_WARN_DIRECT_OBJC_ISA_USAGE = YES_ERROR;
				CLANG_WARN_DOCUMENTATION_COMMENTS = YES;
				CLANG_WARN_EMPTY_BODY = YES;
				CLANG_WARN_ENUM_CONVERSION = YES;
				CLANG_WARN_INFINITE_RECURSION = YES;
				CLANG_WARN_INT_CONVERSION = YES;
				CLANG_WARN_NON_LITERAL_NULL_CONVERSION = YES;
				CLANG_WARN_OBJC_IMPLICIT_RETAIN_SELF = YES;
				CLANG_WARN_OBJC_LITERAL_CONVERSION = YES;
				CLANG_WARN_OBJC_ROOT_CLASS = YES_ERROR;
				CLANG_WARN_QUOTED_INCLUDE_IN_FRAMEWORK_HEADER = YES;
				CLANG_WARN_RANGE_LOOP_ANALYSIS = YES;
				CLANG_WARN_STRICT_PROTOTYPES = YES;
				CLANG_WARN_SUSPICIOUS_MOVE = YES;
				CLANG_WARN_UNGUARDED_AVAILABILITY = YES_AGGRESSIVE;
				CLANG_WARN_UNREACHABLE_CODE = YES;
				CLANG_WARN__DUPLICATE_METHOD_MATCH = YES;
				COPY_PHASE_STRIP = NO;
				DEBUG_INFORMATION_FORMAT = "dwarf-with-dsym";
				ENABLE_NS_ASSERTIONS = NO;
				ENABLE_STRICT_OBJC_MSGSEND = YES;
				GCC_C_LANGUAGE_STANDARD = gnu11;
				GCC_NO_COMMON_BLOCKS = YES;
				GCC_WARN_64_TO_32_BIT_CONVERSION = YES;
				GCC_WARN_ABOUT_RETURN_TYPE = YES_ERROR;
				GCC_WARN_UNDECLARED_SELECTOR = YES;
				GCC_WARN_UNINITIALIZED_AUTOS = YES_AGGRESSIVE;
				GCC_WARN_UNUSED_FUNCTION = YES;
				GCC_WARN_UNUSED_VARIABLE = YES;
				IPHONEOS_DEPLOYMENT_TARGET = 16.2;
				MTL_ENABLE_DEBUG_INFO = NO;
				MTL_FAST_MATH = YES;
				SDKROOT = iphoneos;
				SWIFT_COMPILATION_MODE = wholemodule;
				SWIFT_OPTIMIZATION_LEVEL = "-O";
				VALIDATE_PRODUCT = YES;
			};
			name = Release;
		};
		D0E59D8529D5D3E100A5B7D9 /* Debug */ = {
			isa = XCBuildConfiguration;
			buildSettings = {
				ASSETCATALOG_COMPILER_APPICON_NAME = AppIcon;
				ASSETCATALOG_COMPILER_GLOBAL_ACCENT_COLOR_NAME = AccentColor;
				CODE_SIGN_STYLE = Automatic;
				CURRENT_PROJECT_VERSION = 1;
				DEVELOPMENT_TEAM = PW2RLJT734;
				GENERATE_INFOPLIST_FILE = YES;
				INFOPLIST_FILE = CoreDataPractice/Info.plist;
				INFOPLIST_KEY_UIApplicationSupportsIndirectInputEvents = YES;
				INFOPLIST_KEY_UILaunchStoryboardName = LaunchScreen;
				INFOPLIST_KEY_UIMainStoryboardFile = Main;
				INFOPLIST_KEY_UISupportedInterfaceOrientations_iPad = "UIInterfaceOrientationPortrait UIInterfaceOrientationPortraitUpsideDown UIInterfaceOrientationLandscapeLeft UIInterfaceOrientationLandscapeRight";
				INFOPLIST_KEY_UISupportedInterfaceOrientations_iPhone = "UIInterfaceOrientationPortrait UIInterfaceOrientationLandscapeLeft UIInterfaceOrientationLandscapeRight";
				LD_RUNPATH_SEARCH_PATHS = (
					"$(inherited)",
					"@executable_path/Frameworks",
				);
				MARKETING_VERSION = 1.0;
				PRODUCT_BUNDLE_IDENTIFIER = com.DongHee.CoreDataPractice;
				PRODUCT_NAME = "$(TARGET_NAME)";
				SWIFT_EMIT_LOC_STRINGS = YES;
				SWIFT_VERSION = 5.0;
				TARGETED_DEVICE_FAMILY = "1,2";
			};
			name = Debug;
		};
		D0E59D8629D5D3E100A5B7D9 /* Release */ = {
			isa = XCBuildConfiguration;
			buildSettings = {
				ASSETCATALOG_COMPILER_APPICON_NAME = AppIcon;
				ASSETCATALOG_COMPILER_GLOBAL_ACCENT_COLOR_NAME = AccentColor;
				CODE_SIGN_STYLE = Automatic;
				CURRENT_PROJECT_VERSION = 1;
				DEVELOPMENT_TEAM = PW2RLJT734;
				GENERATE_INFOPLIST_FILE = YES;
				INFOPLIST_FILE = CoreDataPractice/Info.plist;
				INFOPLIST_KEY_UIApplicationSupportsIndirectInputEvents = YES;
				INFOPLIST_KEY_UILaunchStoryboardName = LaunchScreen;
				INFOPLIST_KEY_UIMainStoryboardFile = Main;
				INFOPLIST_KEY_UISupportedInterfaceOrientations_iPad = "UIInterfaceOrientationPortrait UIInterfaceOrientationPortraitUpsideDown UIInterfaceOrientationLandscapeLeft UIInterfaceOrientationLandscapeRight";
				INFOPLIST_KEY_UISupportedInterfaceOrientations_iPhone = "UIInterfaceOrientationPortrait UIInterfaceOrientationLandscapeLeft UIInterfaceOrientationLandscapeRight";
				LD_RUNPATH_SEARCH_PATHS = (
					"$(inherited)",
					"@executable_path/Frameworks",
				);
				MARKETING_VERSION = 1.0;
				PRODUCT_BUNDLE_IDENTIFIER = com.DongHee.CoreDataPractice;
				PRODUCT_NAME = "$(TARGET_NAME)";
				SWIFT_EMIT_LOC_STRINGS = YES;
				SWIFT_VERSION = 5.0;
				TARGETED_DEVICE_FAMILY = "1,2";
			};
			name = Release;
		};
/* End XCBuildConfiguration section */

/* Begin XCConfigurationList section */
		D0E59D6829D5D3E000A5B7D9 /* Build configuration list for PBXProject "CoreDataPractice" */ = {
			isa = XCConfigurationList;
			buildConfigurations = (
				D0E59D8229D5D3E100A5B7D9 /* Debug */,
				D0E59D8329D5D3E100A5B7D9 /* Release */,
			);
			defaultConfigurationIsVisible = 0;
			defaultConfigurationName = Release;
		};
		D0E59D8429D5D3E100A5B7D9 /* Build configuration list for PBXNativeTarget "CoreDataPractice" */ = {
			isa = XCConfigurationList;
			buildConfigurations = (
				D0E59D8529D5D3E100A5B7D9 /* Debug */,
				D0E59D8629D5D3E100A5B7D9 /* Release */,
			);
			defaultConfigurationIsVisible = 0;
			defaultConfigurationName = Release;
		};
/* End XCConfigurationList section */

/* Begin XCVersionGroup section */
		D0E59D7929D5D3E000A5B7D9 /* CoreDataPractice.xcdatamodeld */ = {
			isa = XCVersionGroup;
			children = (
				D0E59D7A29D5D3E000A5B7D9 /* CoreDataPractice.xcdatamodel */,
			);
			currentVersion = D0E59D7A29D5D3E000A5B7D9 /* CoreDataPractice.xcdatamodel */;
			path = CoreDataPractice.xcdatamodeld;
			sourceTree = "<group>";
			versionGroupType = wrapper.xcdatamodel;
		};
/* End XCVersionGroup section */
	};
	rootObject = D0E59D6529D5D3E000A5B7D9 /* Project object */;
}
